// !$*UTF8*$!
{
	archiveVersion = 1;
	classes = {
	};
	objectVersion = 46;
	objects = {

/* Begin PBXBuildFile section */
		4F6EED101F6B0B8F0007C1F4 /* main.cpp in Sources */ = {isa = PBXBuildFile; fileRef = 4F6EED0F1F6B0B8F0007C1F4 /* main.cpp */; };
		4F6EED181F6B0E5B0007C1F4 /* Blob.cpp in Sources */ = {isa = PBXBuildFile; fileRef = 4F6EED161F6B0E5B0007C1F4 /* Blob.cpp */; };
		4F6EED1C1F6B13150007C1F4 /* libopencv_highgui.3.2.0.dylib in Frameworks */ = {isa = PBXBuildFile; fileRef = 4F6EED191F6B13150007C1F4 /* libopencv_highgui.3.2.0.dylib */; };
		4F6EED1D1F6B13150007C1F4 /* libopencv_imgproc.3.2.0.dylib in Frameworks */ = {isa = PBXBuildFile; fileRef = 4F6EED1A1F6B13150007C1F4 /* libopencv_imgproc.3.2.0.dylib */; };
		4F6EED1E1F6B13150007C1F4 /* libopencv_core.3.2.0.dylib in Frameworks */ = {isa = PBXBuildFile; fileRef = 4F6EED1B1F6B13150007C1F4 /* libopencv_core.3.2.0.dylib */; };
/* End PBXBuildFile section */

/* Begin PBXCopyFilesBuildPhase section */
		4F6EED0A1F6B0B8F0007C1F4 /* CopyFiles */ = {
			isa = PBXCopyFilesBuildPhase;
			buildActionMask = 2147483647;
			dstPath = /usr/share/man/man1/;
			dstSubfolderSpec = 0;
			files = (
			);
			runOnlyForDeploymentPostprocessing = 1;
		};
/* End PBXCopyFilesBuildPhase section */

/* Begin PBXFileReference section */
		4F6EED0C1F6B0B8F0007C1F4 /* Spaces.V1.0 */ = {isa = PBXFileReference; explicitFileType = "compiled.mach-o.executable"; includeInIndex = 0; path = Spaces.V1.0; sourceTree = BUILT_PRODUCTS_DIR; };
		4F6EED0F1F6B0B8F0007C1F4 /* main.cpp */ = {isa = PBXFileReference; lastKnownFileType = sourcecode.cpp.cpp; path = main.cpp; sourceTree = "<group>"; };
		4F6EED161F6B0E5B0007C1F4 /* Blob.cpp */ = {isa = PBXFileReference; fileEncoding = 4; lastKnownFileType = sourcecode.cpp.cpp; path = Blob.cpp; sourceTree = "<group>"; };
		4F6EED171F6B0E5B0007C1F4 /* Blob.hpp */ = {isa = PBXFileReference; fileEncoding = 4; lastKnownFileType = sourcecode.cpp.h; path = Blob.hpp; sourceTree = "<group>"; };
		4F6EED191F6B13150007C1F4 /* libopencv_highgui.3.2.0.dylib */ = {isa = PBXFileReference; lastKnownFileType = "compiled.mach-o.dylib"; name = libopencv_highgui.3.2.0.dylib; path = "../opencv-3.2.0/build/lib/libopencv_highgui.3.2.0.dylib"; sourceTree = "<group>"; };
		4F6EED1A1F6B13150007C1F4 /* libopencv_imgproc.3.2.0.dylib */ = {isa = PBXFileReference; lastKnownFileType = "compiled.mach-o.dylib"; name = libopencv_imgproc.3.2.0.dylib; path = "../opencv-3.2.0/build/lib/libopencv_imgproc.3.2.0.dylib"; sourceTree = "<group>"; };
		4F6EED1B1F6B13150007C1F4 /* libopencv_core.3.2.0.dylib */ = {isa = PBXFileReference; lastKnownFileType = "compiled.mach-o.dylib"; name = libopencv_core.3.2.0.dylib; path = "../opencv-3.2.0/build/lib/libopencv_core.3.2.0.dylib"; sourceTree = "<group>"; };
/* End PBXFileReference section */

/* Begin PBXFrameworksBuildPhase section */
		4F6EED091F6B0B8F0007C1F4 /* Frameworks */ = {
			isa = PBXFrameworksBuildPhase;
			buildActionMask = 2147483647;
			files = (
				4F6EED1E1F6B13150007C1F4 /* libopencv_core.3.2.0.dylib in Frameworks */,
				4F6EED1D1F6B13150007C1F4 /* libopencv_imgproc.3.2.0.dylib in Frameworks */,
				4F6EED1C1F6B13150007C1F4 /* libopencv_highgui.3.2.0.dylib in Frameworks */,
			);
			runOnlyForDeploymentPostprocessing = 0;
		};
/* End PBXFrameworksBuildPhase section */

/* Begin PBXGroup section */
		4F6EED031F6B0B8F0007C1F4 = {
			isa = PBXGroup;
			children = (
				4F6EED191F6B13150007C1F4 /* libopencv_highgui.3.2.0.dylib */,
				4F6EED1A1F6B13150007C1F4 /* libopencv_imgproc.3.2.0.dylib */,
				4F6EED1B1F6B13150007C1F4 /* libopencv_core.3.2.0.dylib */,
				4F6EED0E1F6B0B8F0007C1F4 /* Spaces.V1.0 */,
				4F6EED0D1F6B0B8F0007C1F4 /* Products */,
			);
			sourceTree = "<group>";
		};
		4F6EED0D1F6B0B8F0007C1F4 /* Products */ = {
			isa = PBXGroup;
			children = (
				4F6EED0C1F6B0B8F0007C1F4 /* Spaces.V1.0 */,
			);
			name = Products;
			sourceTree = "<group>";
		};
		4F6EED0E1F6B0B8F0007C1F4 /* Spaces.V1.0 */ = {
			isa = PBXGroup;
			children = (
				4F6EED0F1F6B0B8F0007C1F4 /* main.cpp */,
				4F6EED161F6B0E5B0007C1F4 /* Blob.cpp */,
				4F6EED171F6B0E5B0007C1F4 /* Blob.hpp */,
			);
			path = Spaces.V1.0;
			sourceTree = "<group>";
		};
/* End PBXGroup section */

/* Begin PBXNativeTarget section */
		4F6EED0B1F6B0B8F0007C1F4 /* Spaces.V1.0 */ = {
			isa = PBXNativeTarget;
			buildConfigurationList = 4F6EED131F6B0B8F0007C1F4 /* Build configuration list for PBXNativeTarget "Spaces.V1.0" */;
			buildPhases = (
				4F6EED081F6B0B8F0007C1F4 /* Sources */,
				4F6EED091F6B0B8F0007C1F4 /* Frameworks */,
				4F6EED0A1F6B0B8F0007C1F4 /* CopyFiles */,
			);
			buildRules = (
			);
			dependencies = (
			);
			name = Spaces.V1.0;
			productName = Spaces.V1.0;
			productReference = 4F6EED0C1F6B0B8F0007C1F4 /* Spaces.V1.0 */;
			productType = "com.apple.product-type.tool";
		};
/* End PBXNativeTarget section */

/* Begin PBXProject section */
		4F6EED041F6B0B8F0007C1F4 /* Project object */ = {
			isa = PBXProject;
			attributes = {
				LastUpgradeCheck = 0830;
				ORGANIZATIONNAME = "Monocle Heads";
				TargetAttributes = {
					4F6EED0B1F6B0B8F0007C1F4 = {
						CreatedOnToolsVersion = 8.3.3;
						DevelopmentTeam = P97X3DJ65F;
						ProvisioningStyle = Automatic;
					};
				};
			};
			buildConfigurationList = 4F6EED071F6B0B8F0007C1F4 /* Build configuration list for PBXProject "Spaces.V1.0" */;
			compatibilityVersion = "Xcode 3.2";
			developmentRegion = English;
			hasScannedForEncodings = 0;
			knownRegions = (
				en,
			);
			mainGroup = 4F6EED031F6B0B8F0007C1F4;
			productRefGroup = 4F6EED0D1F6B0B8F0007C1F4 /* Products */;
			projectDirPath = "";
			projectRoot = "";
			targets = (
				4F6EED0B1F6B0B8F0007C1F4 /* Spaces.V1.0 */,
			);
		};
/* End PBXProject section */

/* Begin PBXSourcesBuildPhase section */
		4F6EED081F6B0B8F0007C1F4 /* Sources */ = {
			isa = PBXSourcesBuildPhase;
			buildActionMask = 2147483647;
			files = (
				4F6EED181F6B0E5B0007C1F4 /* Blob.cpp in Sources */,
				4F6EED101F6B0B8F0007C1F4 /* main.cpp in Sources */,
			);
			runOnlyForDeploymentPostprocessing = 0;
		};
/* End PBXSourcesBuildPhase section */

/* Begin XCBuildConfiguration section */
		4F6EED111F6B0B8F0007C1F4 /* Debug */ = {
			isa = XCBuildConfiguration;
			buildSettings = {
				ALWAYS_SEARCH_USER_PATHS = NO;
				CLANG_ANALYZER_NONNULL = YES;
				CLANG_ANALYZER_NUMBER_OBJECT_CONVERSION = YES_AGGRESSIVE;
				CLANG_CXX_LANGUAGE_STANDARD = "gnu++0x";
				CLANG_CXX_LIBRARY = "libc++";
				CLANG_ENABLE_MODULES = YES;
				CLANG_ENABLE_OBJC_ARC = YES;
				CLANG_WARN_BOOL_CONVERSION = YES;
				CLANG_WARN_CONSTANT_CONVERSION = YES;
				CLANG_WARN_DIRECT_OBJC_ISA_USAGE = YES_ERROR;
				CLANG_WARN_DOCUMENTATION_COMMENTS = YES;
				CLANG_WARN_EMPTY_BODY = YES;
				CLANG_WARN_ENUM_CONVERSION = YES;
				CLANG_WARN_INFINITE_RECURSION = YES;
				CLANG_WARN_INT_CONVERSION = YES;
				CLANG_WARN_OBJC_ROOT_CLASS = YES_ERROR;
				CLANG_WARN_SUSPICIOUS_MOVE = YES;
				CLANG_WARN_UNREACHABLE_CODE = YES;
				CLANG_WARN__DUPLICATE_METHOD_MATCH = YES;
				CODE_SIGN_IDENTITY = "-";
				COPY_PHASE_STRIP = NO;
				DEBUG_INFORMATION_FORMAT = dwarf;
				ENABLE_STRICT_OBJC_MSGSEND = YES;
				ENABLE_TESTABILITY = YES;
				GCC_C_LANGUAGE_STANDARD = gnu99;
				GCC_DYNAMIC_NO_PIC = NO;
				GCC_NO_COMMON_BLOCKS = YES;
				GCC_OPTIMIZATION_LEVEL = 0;
				GCC_PREPROCESSOR_DEFINITIONS = (
					"DEBUG=1",
					"$(inherited)",
				);
				GCC_WARN_64_TO_32_BIT_CONVERSION = YES;
				GCC_WARN_ABOUT_RETURN_TYPE = YES_ERROR;
				GCC_WARN_UNDECLARED_SELECTOR = YES;
				GCC_WARN_UNINITIALIZED_AUTOS = YES_AGGRESSIVE;
				GCC_WARN_UNUSED_FUNCTION = YES;
				GCC_WARN_UNUSED_VARIABLE = YES;
				MACOSX_DEPLOYMENT_TARGET = 10.12;
				MTL_ENABLE_DEBUG_INFO = YES;
				ONLY_ACTIVE_ARCH = YES;
				SDKROOT = macosx;
			};
			name = Debug;
		};
		4F6EED121F6B0B8F0007C1F4 /* Release */ = {
			isa = XCBuildConfiguration;
			buildSettings = {
				ALWAYS_SEARCH_USER_PATHS = NO;
				CLANG_ANALYZER_NONNULL = YES;
				CLANG_ANALYZER_NUMBER_OBJECT_CONVERSION = YES_AGGRESSIVE;
				CLANG_CXX_LANGUAGE_STANDARD = "gnu++0x";
				CLANG_CXX_LIBRARY = "libc++";
				CLANG_ENABLE_MODULES = YES;
				CLANG_ENABLE_OBJC_ARC = YES;
				CLANG_WARN_BOOL_CONVERSION = YES;
				CLANG_WARN_CONSTANT_CONVERSION = YES;
				CLANG_WARN_DIRECT_OBJC_ISA_USAGE = YES_ERROR;
				CLANG_WARN_DOCUMENTATION_COMMENTS = YES;
				CLANG_WARN_EMPTY_BODY = YES;
				CLANG_WARN_ENUM_CONVERSION = YES;
				CLANG_WARN_INFINITE_RECURSION = YES;
				CLANG_WARN_INT_CONVERSION = YES;
				CLANG_WARN_OBJC_ROOT_CLASS = YES_ERROR;
				CLANG_WARN_SUSPICIOUS_MOVE = YES;
				CLANG_WARN_UNREACHABLE_CODE = YES;
				CLANG_WARN__DUPLICATE_METHOD_MATCH = YES;
				CODE_SIGN_IDENTITY = "-";
				COPY_PHASE_STRIP = NO;
				DEBUG_INFORMATION_FORMAT = "dwarf-with-dsym";
				ENABLE_NS_ASSERTIONS = NO;
				ENABLE_STRICT_OBJC_MSGSEND = YES;
				GCC_C_LANGUAGE_STANDARD = gnu99;
				GCC_NO_COMMON_BLOCKS = YES;
				GCC_WARN_64_TO_32_BIT_CONVERSION = YES;
				GCC_WARN_ABOUT_RETURN_TYPE = YES_ERROR;
				GCC_WARN_UNDECLARED_SELECTOR = YES;
				GCC_WARN_UNINITIALIZED_AUTOS = YES_AGGRESSIVE;
				GCC_WARN_UNUSED_FUNCTION = YES;
				GCC_WARN_UNUSED_VARIABLE = YES;
				MACOSX_DEPLOYMENT_TARGET = 10.12;
				MTL_ENABLE_DEBUG_INFO = NO;
				SDKROOT = macosx;
			};
			name = Release;
		};
		4F6EED141F6B0B8F0007C1F4 /* Debug */ = {
			isa = XCBuildConfiguration;
			buildSettings = {
				ALWAYS_SEARCH_USER_PATHS = YES;
				CLANG_WARN_DOCUMENTATION_COMMENTS = NO;
				DEVELOPMENT_TEAM = P97X3DJ65F;
				FRAMEWORK_SEARCH_PATHS = /usr/local/lib;
				HEADER_SEARCH_PATHS = /usr/local/include;
				LIBRARY_SEARCH_PATHS = "/Users/tannerorndorff/Documents/Monocleheads/opencv-3.2.0/build/lib";
				OTHER_LDFLAGS = (
					"-lopencv_calib3d",
					"-lopencv_core",
					"-lopencv_features2d",
					"-lopencv_flann",
					"-lopencv_highgui",
					"-lopencv_imgcodecs",
					"-lopencv_ml",
					"-lopencv_objdetect",
					"-lopencv_photo",
					"-lopencv_shape",
					"-lopencv_stitching",
					"-lopencv_superres",
					"-lopencv_ts",
					"-lopencv_video",
					"-lopencv_videoio",
					"-lopencv_videostab",
				);
				PRODUCT_NAME = "$(TARGET_NAME)";
			};
			name = Debug;
		};
		4F6EED151F6B0B8F0007C1F4 /* Release */ = {
			isa = XCBuildConfiguration;
			buildSettings = {
				ALWAYS_SEARCH_USER_PATHS = YES;
				CLANG_WARN_DOCUMENTATION_COMMENTS = NO;
				DEVELOPMENT_TEAM = P97X3DJ65F;
				FRAMEWORK_SEARCH_PATHS = /usr/local/lib;
				HEADER_SEARCH_PATHS = /usr/local/include;
				LIBRARY_SEARCH_PATHS = "/Users/tannerorndorff/Documents/Monocleheads/opencv-3.2.0/build/lib";
				OTHER_LDFLAGS = (
					"-lopencv_calib3d",
					"-lopencv_core",
					"-lopencv_features2d",
					"-lopencv_flann",
					"-lopencv_highgui",
					"-lopencv_imgcodecs",
					"-lopencv_ml",
					"-lopencv_objdetect",
					"-lopencv_photo",
					"-lopencv_shape",
					"-lopencv_stitching",
					"-lopencv_superres",
					"-lopencv_ts",
					"-lopencv_video",
					"-lopencv_videoio",
					"-lopencv_videostab",
				);
				PRODUCT_NAME = "$(TARGET_NAME)";
			};
			name = Release;
		};
/* End XCBuildConfiguration section */

/* Begin XCConfigurationList section */
		4F6EED071F6B0B8F0007C1F4 /* Build configuration list for PBXProject "Spaces.V1.0" */ = {
			isa = XCConfigurationList;
			buildConfigurations = (
				4F6EED111F6B0B8F0007C1F4 /* Debug */,
				4F6EED121F6B0B8F0007C1F4 /* Release */,
			);
			defaultConfigurationIsVisible = 0;
			defaultConfigurationName = Release;
		};
		4F6EED131F6B0B8F0007C1F4 /* Build configuration list for PBXNativeTarget "Spaces.V1.0" */ = {
			isa = XCConfigurationList;
			buildConfigurations = (
				4F6EED141F6B0B8F0007C1F4 /* Debug */,
				4F6EED151F6B0B8F0007C1F4 /* Release */,
			);
			defaultConfigurationIsVisible = 0;
			defaultConfigurationName = Release;
		};
/* End XCConfigurationList section */
	};
	rootObject = 4F6EED041F6B0B8F0007C1F4 /* Project object */;
}
