// !$*UTF8*$!
{
	archiveVersion = 1;
	classes = {
	};
	objectVersion = 48;
	objects = {

/* Begin PBXBuildFile section */
		4F0C711720F1155B0074F335 /* AppDelegate.swift in Sources */ = {isa = PBXBuildFile; fileRef = 4F0C711620F1155B0074F335 /* AppDelegate.swift */; };
		4F0C711920F1155B0074F335 /* ViewController.swift in Sources */ = {isa = PBXBuildFile; fileRef = 4F0C711820F1155B0074F335 /* ViewController.swift */; };
		4F0C711C20F1155B0074F335 /* Main.storyboard in Resources */ = {isa = PBXBuildFile; fileRef = 4F0C711A20F1155B0074F335 /* Main.storyboard */; };
		4F0C711E20F1155B0074F335 /* Assets.xcassets in Resources */ = {isa = PBXBuildFile; fileRef = 4F0C711D20F1155B0074F335 /* Assets.xcassets */; };
		4F0C712120F1155B0074F335 /* LaunchScreen.storyboard in Resources */ = {isa = PBXBuildFile; fileRef = 4F0C711F20F1155B0074F335 /* LaunchScreen.storyboard */; };
		4F0C712A20F12AD80074F335 /* Node.hpp in Sources */ = {isa = PBXBuildFile; fileRef = 4F0C712920F12AD80074F335 /* Node.hpp */; };
		4F0C712D20F12B720074F335 /* List.hpp in Sources */ = {isa = PBXBuildFile; fileRef = 4F0C712C20F12B720074F335 /* List.hpp */; };
		4F0C713020F12B910074F335 /* Business.cpp in Sources */ = {isa = PBXBuildFile; fileRef = 4F0C712E20F12B910074F335 /* Business.cpp */; };
		4F0C713320F12B9F0074F335 /* Estimate.cpp in Sources */ = {isa = PBXBuildFile; fileRef = 4F0C713120F12B9F0074F335 /* Estimate.cpp */; };
		4F0C713620F12BAE0074F335 /* Fence.cpp in Sources */ = {isa = PBXBuildFile; fileRef = 4F0C713420F12BAE0074F335 /* Fence.cpp */; };
		4F0C713920F12BB80074F335 /* Line.cpp in Sources */ = {isa = PBXBuildFile; fileRef = 4F0C713720F12BB80074F335 /* Line.cpp */; };
		4F0C713C20F12BC20074F335 /* Gate.cpp in Sources */ = {isa = PBXBuildFile; fileRef = 4F0C713A20F12BC20074F335 /* Gate.cpp */; };
		4F0C713F20F12BD10074F335 /* Customer.cpp in Sources */ = {isa = PBXBuildFile; fileRef = 4F0C713D20F12BD10074F335 /* Customer.cpp */; };
		4F0C714220F12BDC0074F335 /* Employee.cpp in Sources */ = {isa = PBXBuildFile; fileRef = 4F0C714020F12BDC0074F335 /* Employee.cpp */; };
/* End PBXBuildFile section */

/* Begin PBXFileReference section */
		4F0C711320F1155B0074F335 /* FenceGUI_v5.app */ = {isa = PBXFileReference; explicitFileType = wrapper.application; includeInIndex = 0; path = FenceGUI_v5.app; sourceTree = BUILT_PRODUCTS_DIR; };
		4F0C711620F1155B0074F335 /* AppDelegate.swift */ = {isa = PBXFileReference; lastKnownFileType = sourcecode.swift; path = AppDelegate.swift; sourceTree = "<group>"; };
		4F0C711820F1155B0074F335 /* ViewController.swift */ = {isa = PBXFileReference; lastKnownFileType = sourcecode.swift; path = ViewController.swift; sourceTree = "<group>"; };
		4F0C711B20F1155B0074F335 /* Base */ = {isa = PBXFileReference; lastKnownFileType = file.storyboard; name = Base; path = Base.lproj/Main.storyboard; sourceTree = "<group>"; };
		4F0C711D20F1155B0074F335 /* Assets.xcassets */ = {isa = PBXFileReference; lastKnownFileType = folder.assetcatalog; path = Assets.xcassets; sourceTree = "<group>"; };
		4F0C712020F1155B0074F335 /* Base */ = {isa = PBXFileReference; lastKnownFileType = file.storyboard; name = Base; path = Base.lproj/LaunchScreen.storyboard; sourceTree = "<group>"; };
		4F0C712220F1155B0074F335 /* Info.plist */ = {isa = PBXFileReference; lastKnownFileType = text.plist.xml; path = Info.plist; sourceTree = "<group>"; };
		4F0C712820F12AD80074F335 /* FenceGUI_v5-Bridging-Header.h */ = {isa = PBXFileReference; lastKnownFileType = sourcecode.c.h; path = "FenceGUI_v5-Bridging-Header.h"; sourceTree = "<group>"; };
		4F0C712920F12AD80074F335 /* Node.hpp */ = {isa = PBXFileReference; lastKnownFileType = sourcecode.cpp.h; path = Node.hpp; sourceTree = "<group>"; };
		4F0C712C20F12B720074F335 /* List.hpp */ = {isa = PBXFileReference; lastKnownFileType = sourcecode.cpp.h; path = List.hpp; sourceTree = "<group>"; };
		4F0C712E20F12B910074F335 /* Business.cpp */ = {isa = PBXFileReference; lastKnownFileType = sourcecode.cpp.cpp; path = Business.cpp; sourceTree = "<group>"; };
		4F0C712F20F12B910074F335 /* Business.hpp */ = {isa = PBXFileReference; lastKnownFileType = sourcecode.cpp.h; path = Business.hpp; sourceTree = "<group>"; };
		4F0C713120F12B9F0074F335 /* Estimate.cpp */ = {isa = PBXFileReference; lastKnownFileType = sourcecode.cpp.cpp; path = Estimate.cpp; sourceTree = "<group>"; };
		4F0C713220F12B9F0074F335 /* Estimate.hpp */ = {isa = PBXFileReference; lastKnownFileType = sourcecode.cpp.h; path = Estimate.hpp; sourceTree = "<group>"; };
		4F0C713420F12BAE0074F335 /* Fence.cpp */ = {isa = PBXFileReference; lastKnownFileType = sourcecode.cpp.cpp; path = Fence.cpp; sourceTree = "<group>"; };
		4F0C713520F12BAE0074F335 /* Fence.hpp */ = {isa = PBXFileReference; lastKnownFileType = sourcecode.cpp.h; path = Fence.hpp; sourceTree = "<group>"; };
		4F0C713720F12BB80074F335 /* Line.cpp */ = {isa = PBXFileReference; lastKnownFileType = sourcecode.cpp.cpp; path = Line.cpp; sourceTree = "<group>"; };
		4F0C713820F12BB80074F335 /* Line.hpp */ = {isa = PBXFileReference; lastKnownFileType = sourcecode.cpp.h; path = Line.hpp; sourceTree = "<group>"; };
		4F0C713A20F12BC20074F335 /* Gate.cpp */ = {isa = PBXFileReference; lastKnownFileType = sourcecode.cpp.cpp; path = Gate.cpp; sourceTree = "<group>"; };
		4F0C713B20F12BC20074F335 /* Gate.hpp */ = {isa = PBXFileReference; lastKnownFileType = sourcecode.cpp.h; path = Gate.hpp; sourceTree = "<group>"; };
		4F0C713D20F12BD10074F335 /* Customer.cpp */ = {isa = PBXFileReference; lastKnownFileType = sourcecode.cpp.cpp; path = Customer.cpp; sourceTree = "<group>"; };
		4F0C713E20F12BD10074F335 /* Customer.hpp */ = {isa = PBXFileReference; lastKnownFileType = sourcecode.cpp.h; path = Customer.hpp; sourceTree = "<group>"; };
		4F0C714020F12BDC0074F335 /* Employee.cpp */ = {isa = PBXFileReference; lastKnownFileType = sourcecode.cpp.cpp; path = Employee.cpp; sourceTree = "<group>"; };
		4F0C714120F12BDC0074F335 /* Employee.hpp */ = {isa = PBXFileReference; lastKnownFileType = sourcecode.cpp.h; path = Employee.hpp; sourceTree = "<group>"; };
/* End PBXFileReference section */

/* Begin PBXFrameworksBuildPhase section */
		4F0C711020F1155B0074F335 /* Frameworks */ = {
			isa = PBXFrameworksBuildPhase;
			buildActionMask = 2147483647;
			files = (
			);
			runOnlyForDeploymentPostprocessing = 0;
		};
/* End PBXFrameworksBuildPhase section */

/* Begin PBXGroup section */
		4F0C710A20F1155B0074F335 = {
			isa = PBXGroup;
			children = (
				4F0C711520F1155B0074F335 /* FenceGUI_v5 */,
				4F0C711420F1155B0074F335 /* Products */,
			);
			sourceTree = "<group>";
		};
		4F0C711420F1155B0074F335 /* Products */ = {
			isa = PBXGroup;
			children = (
				4F0C711320F1155B0074F335 /* FenceGUI_v5.app */,
			);
			name = Products;
			sourceTree = "<group>";
		};
		4F0C711520F1155B0074F335 /* FenceGUI_v5 */ = {
			isa = PBXGroup;
			children = (
				4F0C712B20F12B3D0074F335 /* C++ */,
				4F0C711620F1155B0074F335 /* AppDelegate.swift */,
				4F0C711820F1155B0074F335 /* ViewController.swift */,
				4F0C711A20F1155B0074F335 /* Main.storyboard */,
				4F0C711D20F1155B0074F335 /* Assets.xcassets */,
				4F0C711F20F1155B0074F335 /* LaunchScreen.storyboard */,
				4F0C712220F1155B0074F335 /* Info.plist */,
				4F0C712820F12AD80074F335 /* FenceGUI_v5-Bridging-Header.h */,
			);
			path = FenceGUI_v5;
			sourceTree = "<group>";
		};
		4F0C712B20F12B3D0074F335 /* C++ */ = {
			isa = PBXGroup;
			children = (
				4F0C712E20F12B910074F335 /* Business.cpp */,
				4F0C712F20F12B910074F335 /* Business.hpp */,
				4F0C713120F12B9F0074F335 /* Estimate.cpp */,
				4F0C713220F12B9F0074F335 /* Estimate.hpp */,
				4F0C713420F12BAE0074F335 /* Fence.cpp */,
				4F0C713520F12BAE0074F335 /* Fence.hpp */,
				4F0C713720F12BB80074F335 /* Line.cpp */,
				4F0C713820F12BB80074F335 /* Line.hpp */,
				4F0C713A20F12BC20074F335 /* Gate.cpp */,
				4F0C713B20F12BC20074F335 /* Gate.hpp */,
				4F0C713D20F12BD10074F335 /* Customer.cpp */,
				4F0C713E20F12BD10074F335 /* Customer.hpp */,
				4F0C714020F12BDC0074F335 /* Employee.cpp */,
				4F0C714120F12BDC0074F335 /* Employee.hpp */,
				4F0C712C20F12B720074F335 /* List.hpp */,
				4F0C712920F12AD80074F335 /* Node.hpp */,
			);
			path = "C++";
			sourceTree = "<group>";
		};
/* End PBXGroup section */

/* Begin PBXNativeTarget section */
		4F0C711220F1155B0074F335 /* FenceGUI_v5 */ = {
			isa = PBXNativeTarget;
			buildConfigurationList = 4F0C712520F1155B0074F335 /* Build configuration list for PBXNativeTarget "FenceGUI_v5" */;
			buildPhases = (
				4F0C710F20F1155B0074F335 /* Sources */,
				4F0C711020F1155B0074F335 /* Frameworks */,
				4F0C711120F1155B0074F335 /* Resources */,
			);
			buildRules = (
			);
			dependencies = (
			);
			name = FenceGUI_v5;
			productName = FenceGUI_v5;
			productReference = 4F0C711320F1155B0074F335 /* FenceGUI_v5.app */;
			productType = "com.apple.product-type.application";
		};
/* End PBXNativeTarget section */

/* Begin PBXProject section */
		4F0C710B20F1155B0074F335 /* Project object */ = {
			isa = PBXProject;
			attributes = {
				LastSwiftUpdateCheck = 0920;
				LastUpgradeCheck = 0920;
				ORGANIZATIONNAME = "Monocle Heads";
				TargetAttributes = {
					4F0C711220F1155B0074F335 = {
						CreatedOnToolsVersion = 9.2;
						LastSwiftMigration = 0920;
						ProvisioningStyle = Automatic;
					};
				};
			};
			buildConfigurationList = 4F0C710E20F1155B0074F335 /* Build configuration list for PBXProject "FenceGUI_v5" */;
			compatibilityVersion = "Xcode 8.0";
			developmentRegion = en;
			hasScannedForEncodings = 0;
			knownRegions = (
				en,
				Base,
			);
			mainGroup = 4F0C710A20F1155B0074F335;
			productRefGroup = 4F0C711420F1155B0074F335 /* Products */;
			projectDirPath = "";
			projectRoot = "";
			targets = (
				4F0C711220F1155B0074F335 /* FenceGUI_v5 */,
			);
		};
/* End PBXProject section */

/* Begin PBXResourcesBuildPhase section */
		4F0C711120F1155B0074F335 /* Resources */ = {
			isa = PBXResourcesBuildPhase;
			buildActionMask = 2147483647;
			files = (
				4F0C712120F1155B0074F335 /* LaunchScreen.storyboard in Resources */,
				4F0C711E20F1155B0074F335 /* Assets.xcassets in Resources */,
				4F0C711C20F1155B0074F335 /* Main.storyboard in Resources */,
			);
			runOnlyForDeploymentPostprocessing = 0;
		};
/* End PBXResourcesBuildPhase section */

/* Begin PBXSourcesBuildPhase section */
		4F0C710F20F1155B0074F335 /* Sources */ = {
			isa = PBXSourcesBuildPhase;
			buildActionMask = 2147483647;
			files = (
				4F0C713C20F12BC20074F335 /* Gate.cpp in Sources */,
				4F0C712A20F12AD80074F335 /* Node.hpp in Sources */,
				4F0C713920F12BB80074F335 /* Line.cpp in Sources */,
				4F0C714220F12BDC0074F335 /* Employee.cpp in Sources */,
				4F0C712D20F12B720074F335 /* List.hpp in Sources */,
				4F0C713620F12BAE0074F335 /* Fence.cpp in Sources */,
				4F0C713F20F12BD10074F335 /* Customer.cpp in Sources */,
				4F0C711920F1155B0074F335 /* ViewController.swift in Sources */,
				4F0C713020F12B910074F335 /* Business.cpp in Sources */,
				4F0C711720F1155B0074F335 /* AppDelegate.swift in Sources */,
				4F0C713320F12B9F0074F335 /* Estimate.cpp in Sources */,
			);
			runOnlyForDeploymentPostprocessing = 0;
		};
/* End PBXSourcesBuildPhase section */

/* Begin PBXVariantGroup section */
		4F0C711A20F1155B0074F335 /* Main.storyboard */ = {
			isa = PBXVariantGroup;
			children = (
				4F0C711B20F1155B0074F335 /* Base */,
			);
			name = Main.storyboard;
			sourceTree = "<group>";
		};
		4F0C711F20F1155B0074F335 /* LaunchScreen.storyboard */ = {
			isa = PBXVariantGroup;
			children = (
				4F0C712020F1155B0074F335 /* Base */,
			);
			name = LaunchScreen.storyboard;
			sourceTree = "<group>";
		};
/* End PBXVariantGroup section */

/* Begin XCBuildConfiguration section */
		4F0C712320F1155B0074F335 /* Debug */ = {
			isa = XCBuildConfiguration;
			buildSettings = {
				ALWAYS_SEARCH_USER_PATHS = NO;
				CLANG_ANALYZER_NONNULL = YES;
				CLANG_ANALYZER_NUMBER_OBJECT_CONVERSION = YES_AGGRESSIVE;
				CLANG_CXX_LANGUAGE_STANDARD = "gnu++14";
				CLANG_CXX_LIBRARY = "libc++";
				CLANG_ENABLE_MODULES = YES;
				CLANG_ENABLE_OBJC_ARC = YES;
				CLANG_WARN_BLOCK_CAPTURE_AUTORELEASING = YES;
				CLANG_WARN_BOOL_CONVERSION = YES;
				CLANG_WARN_COMMA = YES;
				CLANG_WARN_CONSTANT_CONVERSION = YES;
				CLANG_WARN_DIRECT_OBJC_ISA_USAGE = YES_ERROR;
				CLANG_WARN_DOCUMENTATION_COMMENTS = YES;
				CLANG_WARN_EMPTY_BODY = YES;
				CLANG_WARN_ENUM_CONVERSION = YES;
				CLANG_WARN_INFINITE_RECURSION = YES;
				CLANG_WARN_INT_CONVERSION = YES;
				CLANG_WARN_NON_LITERAL_NULL_CONVERSION = YES;
				CLANG_WARN_OBJC_LITERAL_CONVERSION = YES;
				CLANG_WARN_OBJC_ROOT_CLASS = YES_ERROR;
				CLANG_WARN_RANGE_LOOP_ANALYSIS = YES;
				CLANG_WARN_STRICT_PROTOTYPES = YES;
				CLANG_WARN_SUSPICIOUS_MOVE = YES;
				CLANG_WARN_UNGUARDED_AVAILABILITY = YES_AGGRESSIVE;
				CLANG_WARN_UNREACHABLE_CODE = YES;
				CLANG_WARN__DUPLICATE_METHOD_MATCH = YES;
				CODE_SIGN_IDENTITY = "iPhone Developer";
				COPY_PHASE_STRIP = NO;
				DEBUG_INFORMATION_FORMAT = dwarf;
				ENABLE_STRICT_OBJC_MSGSEND = YES;
				ENABLE_TESTABILITY = YES;
				GCC_C_LANGUAGE_STANDARD = gnu11;
				GCC_DYNAMIC_NO_PIC = NO;
				GCC_NO_COMMON_BLOCKS = YES;
				GCC_OPTIMIZATION_LEVEL = 0;
				GCC_PREPROCESSOR_DEFINITIONS = (
					"DEBUG=1",
					"$(inherited)",
				);
				GCC_WARN_64_TO_32_BIT_CONVERSION = YES;
				GCC_WARN_ABOUT_RETURN_TYPE = YES_ERROR;
				GCC_WARN_UNDECLARED_SELECTOR = YES;
				GCC_WARN_UNINITIALIZED_AUTOS = YES_AGGRESSIVE;
				GCC_WARN_UNUSED_FUNCTION = YES;
				GCC_WARN_UNUSED_VARIABLE = YES;
				IPHONEOS_DEPLOYMENT_TARGET = 11.2;
				MTL_ENABLE_DEBUG_INFO = YES;
				ONLY_ACTIVE_ARCH = YES;
				SDKROOT = iphoneos;
				SWIFT_ACTIVE_COMPILATION_CONDITIONS = DEBUG;
				SWIFT_OPTIMIZATION_LEVEL = "-Onone";
			};
			name = Debug;
		};
		4F0C712420F1155B0074F335 /* Release */ = {
			isa = XCBuildConfiguration;
			buildSettings = {
				ALWAYS_SEARCH_USER_PATHS = NO;
				CLANG_ANALYZER_NONNULL = YES;
				CLANG_ANALYZER_NUMBER_OBJECT_CONVERSION = YES_AGGRESSIVE;
				CLANG_CXX_LANGUAGE_STANDARD = "gnu++14";
				CLANG_CXX_LIBRARY = "libc++";
				CLANG_ENABLE_MODULES = YES;
				CLANG_ENABLE_OBJC_ARC = YES;
				CLANG_WARN_BLOCK_CAPTURE_AUTORELEASING = YES;
				CLANG_WARN_BOOL_CONVERSION = YES;
				CLANG_WARN_COMMA = YES;
				CLANG_WARN_CONSTANT_CONVERSION = YES;
				CLANG_WARN_DIRECT_OBJC_ISA_USAGE = YES_ERROR;
				CLANG_WARN_DOCUMENTATION_COMMENTS = YES;
				CLANG_WARN_EMPTY_BODY = YES;
				CLANG_WARN_ENUM_CONVERSION = YES;
				CLANG_WARN_INFINITE_RECURSION = YES;
				CLANG_WARN_INT_CONVERSION = YES;
				CLANG_WARN_NON_LITERAL_NULL_CONVERSION = YES;
				CLANG_WARN_OBJC_LITERAL_CONVERSION = YES;
				CLANG_WARN_OBJC_ROOT_CLASS = YES_ERROR;
				CLANG_WARN_RANGE_LOOP_ANALYSIS = YES;
				CLANG_WARN_STRICT_PROTOTYPES = YES;
				CLANG_WARN_SUSPICIOUS_MOVE = YES;
				CLANG_WARN_UNGUARDED_AVAILABILITY = YES_AGGRESSIVE;
				CLANG_WARN_UNREACHABLE_CODE = YES;
				CLANG_WARN__DUPLICATE_METHOD_MATCH = YES;
				CODE_SIGN_IDENTITY = "iPhone Developer";
				COPY_PHASE_STRIP = NO;
				DEBUG_INFORMATION_FORMAT = "dwarf-with-dsym";
				ENABLE_NS_ASSERTIONS = NO;
				ENABLE_STRICT_OBJC_MSGSEND = YES;
				GCC_C_LANGUAGE_STANDARD = gnu11;
				GCC_NO_COMMON_BLOCKS = YES;
				GCC_WARN_64_TO_32_BIT_CONVERSION = YES;
				GCC_WARN_ABOUT_RETURN_TYPE = YES_ERROR;
				GCC_WARN_UNDECLARED_SELECTOR = YES;
				GCC_WARN_UNINITIALIZED_AUTOS = YES_AGGRESSIVE;
				GCC_WARN_UNUSED_FUNCTION = YES;
				GCC_WARN_UNUSED_VARIABLE = YES;
				IPHONEOS_DEPLOYMENT_TARGET = 11.2;
				MTL_ENABLE_DEBUG_INFO = NO;
				SDKROOT = iphoneos;
				SWIFT_OPTIMIZATION_LEVEL = "-Owholemodule";
				VALIDATE_PRODUCT = YES;
			};
			name = Release;
		};
		4F0C712620F1155B0074F335 /* Debug */ = {
			isa = XCBuildConfiguration;
			buildSettings = {
				ASSETCATALOG_COMPILER_APPICON_NAME = AppIcon;
				CLANG_ENABLE_MODULES = YES;
				CODE_SIGN_STYLE = Automatic;
				DEVELOPMENT_TEAM = P97X3DJ65F;
				INFOPLIST_FILE = FenceGUI_v5/Info.plist;
				LD_RUNPATH_SEARCH_PATHS = "$(inherited) @executable_path/Frameworks";
				PRODUCT_BUNDLE_IDENTIFIER = "com.monocleheads.FenceGUI-v5";
				PRODUCT_NAME = "$(TARGET_NAME)";
				SWIFT_OBJC_BRIDGING_HEADER = "FenceGUI_v5/FenceGUI_v5-Bridging-Header.h";
				SWIFT_OPTIMIZATION_LEVEL = "-Onone";
				SWIFT_VERSION = 4.0;
				TARGETED_DEVICE_FAMILY = "1,2";
			};
			name = Debug;
		};
		4F0C712720F1155B0074F335 /* Release */ = {
			isa = XCBuildConfiguration;
			buildSettings = {
				ASSETCATALOG_COMPILER_APPICON_NAME = AppIcon;
				CLANG_ENABLE_MODULES = YES;
				CODE_SIGN_STYLE = Automatic;
				DEVELOPMENT_TEAM = P97X3DJ65F;
				INFOPLIST_FILE = FenceGUI_v5/Info.plist;
				LD_RUNPATH_SEARCH_PATHS = "$(inherited) @executable_path/Frameworks";
				PRODUCT_BUNDLE_IDENTIFIER = "com.monocleheads.FenceGUI-v5";
				PRODUCT_NAME = "$(TARGET_NAME)";
				SWIFT_OBJC_BRIDGING_HEADER = "FenceGUI_v5/FenceGUI_v5-Bridging-Header.h";
				SWIFT_VERSION = 4.0;
				TARGETED_DEVICE_FAMILY = "1,2";
			};
			name = Release;
		};
/* End XCBuildConfiguration section */

/* Begin XCConfigurationList section */
		4F0C710E20F1155B0074F335 /* Build configuration list for PBXProject "FenceGUI_v5" */ = {
			isa = XCConfigurationList;
			buildConfigurations = (
				4F0C712320F1155B0074F335 /* Debug */,
				4F0C712420F1155B0074F335 /* Release */,
			);
			defaultConfigurationIsVisible = 0;
			defaultConfigurationName = Release;
		};
		4F0C712520F1155B0074F335 /* Build configuration list for PBXNativeTarget "FenceGUI_v5" */ = {
			isa = XCConfigurationList;
			buildConfigurations = (
				4F0C712620F1155B0074F335 /* Debug */,
				4F0C712720F1155B0074F335 /* Release */,
			);
			defaultConfigurationIsVisible = 0;
			defaultConfigurationName = Release;
		};
/* End XCConfigurationList section */
	};
	rootObject = 4F0C710B20F1155B0074F335 /* Project object */;
}
