// !$*UTF8*$!
{
	archiveVersion = 1;
	classes = {
	};
	objectVersion = 48;
	objects = {

/* Begin PBXBuildFile section */
		4FE7CC4C20DC1F0500AA11AC /* AppDelegate.swift in Sources */ = {isa = PBXBuildFile; fileRef = 4FE7CC4B20DC1F0500AA11AC /* AppDelegate.swift */; };
		4FE7CC4E20DC1F0500AA11AC /* ViewController.swift in Sources */ = {isa = PBXBuildFile; fileRef = 4FE7CC4D20DC1F0500AA11AC /* ViewController.swift */; };
		4FE7CC5120DC1F0500AA11AC /* Main.storyboard in Resources */ = {isa = PBXBuildFile; fileRef = 4FE7CC4F20DC1F0500AA11AC /* Main.storyboard */; };
		4FE7CC5320DC1F0500AA11AC /* Assets.xcassets in Resources */ = {isa = PBXBuildFile; fileRef = 4FE7CC5220DC1F0500AA11AC /* Assets.xcassets */; };
		4FE7CC5620DC1F0500AA11AC /* LaunchScreen.storyboard in Resources */ = {isa = PBXBuildFile; fileRef = 4FE7CC5420DC1F0500AA11AC /* LaunchScreen.storyboard */; };
/* End PBXBuildFile section */

/* Begin PBXFileReference section */
		4FE7CC4820DC1F0500AA11AC /* FenceGUI.app */ = {isa = PBXFileReference; explicitFileType = wrapper.application; includeInIndex = 0; path = FenceGUI.app; sourceTree = BUILT_PRODUCTS_DIR; };
		4FE7CC4B20DC1F0500AA11AC /* AppDelegate.swift */ = {isa = PBXFileReference; lastKnownFileType = sourcecode.swift; path = AppDelegate.swift; sourceTree = "<group>"; };
		4FE7CC4D20DC1F0500AA11AC /* ViewController.swift */ = {isa = PBXFileReference; lastKnownFileType = sourcecode.swift; path = ViewController.swift; sourceTree = "<group>"; };
		4FE7CC5020DC1F0500AA11AC /* Base */ = {isa = PBXFileReference; lastKnownFileType = file.storyboard; name = Base; path = Base.lproj/Main.storyboard; sourceTree = "<group>"; };
		4FE7CC5220DC1F0500AA11AC /* Assets.xcassets */ = {isa = PBXFileReference; lastKnownFileType = folder.assetcatalog; path = Assets.xcassets; sourceTree = "<group>"; };
		4FE7CC5520DC1F0500AA11AC /* Base */ = {isa = PBXFileReference; lastKnownFileType = file.storyboard; name = Base; path = Base.lproj/LaunchScreen.storyboard; sourceTree = "<group>"; };
		4FE7CC5720DC1F0500AA11AC /* Info.plist */ = {isa = PBXFileReference; lastKnownFileType = text.plist.xml; path = Info.plist; sourceTree = "<group>"; };
/* End PBXFileReference section */

/* Begin PBXFrameworksBuildPhase section */
		4FE7CC4520DC1F0500AA11AC /* Frameworks */ = {
			isa = PBXFrameworksBuildPhase;
			buildActionMask = 2147483647;
			files = (
			);
			runOnlyForDeploymentPostprocessing = 0;
		};
/* End PBXFrameworksBuildPhase section */

/* Begin PBXGroup section */
		4FE7CC3F20DC1F0500AA11AC = {
			isa = PBXGroup;
			children = (
				4FE7CC4A20DC1F0500AA11AC /* FenceGUI */,
				4FE7CC4920DC1F0500AA11AC /* Products */,
			);
			sourceTree = "<group>";
		};
		4FE7CC4920DC1F0500AA11AC /* Products */ = {
			isa = PBXGroup;
			children = (
				4FE7CC4820DC1F0500AA11AC /* FenceGUI.app */,
			);
			name = Products;
			sourceTree = "<group>";
		};
		4FE7CC4A20DC1F0500AA11AC /* FenceGUI */ = {
			isa = PBXGroup;
			children = (
				4FE7CC4B20DC1F0500AA11AC /* AppDelegate.swift */,
				4FE7CC4D20DC1F0500AA11AC /* ViewController.swift */,
				4FE7CC4F20DC1F0500AA11AC /* Main.storyboard */,
				4FE7CC5220DC1F0500AA11AC /* Assets.xcassets */,
				4FE7CC5420DC1F0500AA11AC /* LaunchScreen.storyboard */,
				4FE7CC5720DC1F0500AA11AC /* Info.plist */,
			);
			path = FenceGUI;
			sourceTree = "<group>";
		};
/* End PBXGroup section */

/* Begin PBXNativeTarget section */
		4FE7CC4720DC1F0500AA11AC /* FenceGUI */ = {
			isa = PBXNativeTarget;
			buildConfigurationList = 4FE7CC5A20DC1F0500AA11AC /* Build configuration list for PBXNativeTarget "FenceGUI" */;
			buildPhases = (
				4FE7CC4420DC1F0500AA11AC /* Sources */,
				4FE7CC4520DC1F0500AA11AC /* Frameworks */,
				4FE7CC4620DC1F0500AA11AC /* Resources */,
			);
			buildRules = (
			);
			dependencies = (
			);
			name = FenceGUI;
			productName = FenceGUI;
			productReference = 4FE7CC4820DC1F0500AA11AC /* FenceGUI.app */;
			productType = "com.apple.product-type.application";
		};
/* End PBXNativeTarget section */

/* Begin PBXProject section */
		4FE7CC4020DC1F0500AA11AC /* Project object */ = {
			isa = PBXProject;
			attributes = {
				LastSwiftUpdateCheck = 0920;
				LastUpgradeCheck = 0920;
				ORGANIZATIONNAME = "Monocle Heads";
				TargetAttributes = {
					4FE7CC4720DC1F0500AA11AC = {
						CreatedOnToolsVersion = 9.2;
						LastSwiftMigration = 0920;
						ProvisioningStyle = Automatic;
					};
				};
			};
			buildConfigurationList = 4FE7CC4320DC1F0500AA11AC /* Build configuration list for PBXProject "FenceGUI" */;
			compatibilityVersion = "Xcode 8.0";
			developmentRegion = en;
			hasScannedForEncodings = 0;
			knownRegions = (
				en,
				Base,
			);
			mainGroup = 4FE7CC3F20DC1F0500AA11AC;
			productRefGroup = 4FE7CC4920DC1F0500AA11AC /* Products */;
			projectDirPath = "";
			projectRoot = "";
			targets = (
				4FE7CC4720DC1F0500AA11AC /* FenceGUI */,
			);
		};
/* End PBXProject section */

/* Begin PBXResourcesBuildPhase section */
		4FE7CC4620DC1F0500AA11AC /* Resources */ = {
			isa = PBXResourcesBuildPhase;
			buildActionMask = 2147483647;
			files = (
				4FE7CC5620DC1F0500AA11AC /* LaunchScreen.storyboard in Resources */,
				4FE7CC5320DC1F0500AA11AC /* Assets.xcassets in Resources */,
				4FE7CC5120DC1F0500AA11AC /* Main.storyboard in Resources */,
			);
			runOnlyForDeploymentPostprocessing = 0;
		};
/* End PBXResourcesBuildPhase section */

/* Begin PBXSourcesBuildPhase section */
		4FE7CC4420DC1F0500AA11AC /* Sources */ = {
			isa = PBXSourcesBuildPhase;
			buildActionMask = 2147483647;
			files = (
				4FE7CC4E20DC1F0500AA11AC /* ViewController.swift in Sources */,
				4FE7CC4C20DC1F0500AA11AC /* AppDelegate.swift in Sources */,
			);
			runOnlyForDeploymentPostprocessing = 0;
		};
/* End PBXSourcesBuildPhase section */

/* Begin PBXVariantGroup section */
		4FE7CC4F20DC1F0500AA11AC /* Main.storyboard */ = {
			isa = PBXVariantGroup;
			children = (
				4FE7CC5020DC1F0500AA11AC /* Base */,
			);
			name = Main.storyboard;
			sourceTree = "<group>";
		};
		4FE7CC5420DC1F0500AA11AC /* LaunchScreen.storyboard */ = {
			isa = PBXVariantGroup;
			children = (
				4FE7CC5520DC1F0500AA11AC /* Base */,
			);
			name = LaunchScreen.storyboard;
			sourceTree = "<group>";
		};
/* End PBXVariantGroup section */

/* Begin XCBuildConfiguration section */
		4FE7CC5820DC1F0500AA11AC /* Debug */ = {
			isa = XCBuildConfiguration;
			buildSettings = {
				ALWAYS_SEARCH_USER_PATHS = NO;
				CLANG_ANALYZER_NONNULL = YES;
				CLANG_ANALYZER_NUMBER_OBJECT_CONVERSION = YES_AGGRESSIVE;
				CLANG_CXX_LANGUAGE_STANDARD = "gnu++14";
				CLANG_CXX_LIBRARY = "libc++";
				CLANG_ENABLE_MODULES = YES;
				CLANG_ENABLE_OBJC_ARC = YES;
				CLANG_WARN_BLOCK_CAPTURE_AUTORELEASING = YES;
				CLANG_WARN_BOOL_CONVERSION = YES;
				CLANG_WARN_COMMA = YES;
				CLANG_WARN_CONSTANT_CONVERSION = YES;
				CLANG_WARN_DIRECT_OBJC_ISA_USAGE = YES_ERROR;
				CLANG_WARN_DOCUMENTATION_COMMENTS = YES;
				CLANG_WARN_EMPTY_BODY = YES;
				CLANG_WARN_ENUM_CONVERSION = YES;
				CLANG_WARN_INFINITE_RECURSION = YES;
				CLANG_WARN_INT_CONVERSION = YES;
				CLANG_WARN_NON_LITERAL_NULL_CONVERSION = YES;
				CLANG_WARN_OBJC_LITERAL_CONVERSION = YES;
				CLANG_WARN_OBJC_ROOT_CLASS = YES_ERROR;
				CLANG_WARN_RANGE_LOOP_ANALYSIS = YES;
				CLANG_WARN_STRICT_PROTOTYPES = YES;
				CLANG_WARN_SUSPICIOUS_MOVE = YES;
				CLANG_WARN_UNGUARDED_AVAILABILITY = YES_AGGRESSIVE;
				CLANG_WARN_UNREACHABLE_CODE = YES;
				CLANG_WARN__DUPLICATE_METHOD_MATCH = YES;
				CODE_SIGN_IDENTITY = "iPhone Developer";
				COPY_PHASE_STRIP = NO;
				DEBUG_INFORMATION_FORMAT = dwarf;
				ENABLE_STRICT_OBJC_MSGSEND = YES;
				ENABLE_TESTABILITY = YES;
				GCC_C_LANGUAGE_STANDARD = gnu11;
				GCC_DYNAMIC_NO_PIC = NO;
				GCC_NO_COMMON_BLOCKS = YES;
				GCC_OPTIMIZATION_LEVEL = 0;
				GCC_PREPROCESSOR_DEFINITIONS = (
					"DEBUG=1",
					"$(inherited)",
				);
				GCC_WARN_64_TO_32_BIT_CONVERSION = YES;
				GCC_WARN_ABOUT_RETURN_TYPE = YES_ERROR;
				GCC_WARN_UNDECLARED_SELECTOR = YES;
				GCC_WARN_UNINITIALIZED_AUTOS = YES_AGGRESSIVE;
				GCC_WARN_UNUSED_FUNCTION = YES;
				GCC_WARN_UNUSED_VARIABLE = YES;
				IPHONEOS_DEPLOYMENT_TARGET = 11.2;
				MTL_ENABLE_DEBUG_INFO = YES;
				ONLY_ACTIVE_ARCH = YES;
				SDKROOT = iphoneos;
				SWIFT_ACTIVE_COMPILATION_CONDITIONS = DEBUG;
				SWIFT_OPTIMIZATION_LEVEL = "-Onone";
			};
			name = Debug;
		};
		4FE7CC5920DC1F0500AA11AC /* Release */ = {
			isa = XCBuildConfiguration;
			buildSettings = {
				ALWAYS_SEARCH_USER_PATHS = NO;
				CLANG_ANALYZER_NONNULL = YES;
				CLANG_ANALYZER_NUMBER_OBJECT_CONVERSION = YES_AGGRESSIVE;
				CLANG_CXX_LANGUAGE_STANDARD = "gnu++14";
				CLANG_CXX_LIBRARY = "libc++";
				CLANG_ENABLE_MODULES = YES;
				CLANG_ENABLE_OBJC_ARC = YES;
				CLANG_WARN_BLOCK_CAPTURE_AUTORELEASING = YES;
				CLANG_WARN_BOOL_CONVERSION = YES;
				CLANG_WARN_COMMA = YES;
				CLANG_WARN_CONSTANT_CONVERSION = YES;
				CLANG_WARN_DIRECT_OBJC_ISA_USAGE = YES_ERROR;
				CLANG_WARN_DOCUMENTATION_COMMENTS = YES;
				CLANG_WARN_EMPTY_BODY = YES;
				CLANG_WARN_ENUM_CONVERSION = YES;
				CLANG_WARN_INFINITE_RECURSION = YES;
				CLANG_WARN_INT_CONVERSION = YES;
				CLANG_WARN_NON_LITERAL_NULL_CONVERSION = YES;
				CLANG_WARN_OBJC_LITERAL_CONVERSION = YES;
				CLANG_WARN_OBJC_ROOT_CLASS = YES_ERROR;
				CLANG_WARN_RANGE_LOOP_ANALYSIS = YES;
				CLANG_WARN_STRICT_PROTOTYPES = YES;
				CLANG_WARN_SUSPICIOUS_MOVE = YES;
				CLANG_WARN_UNGUARDED_AVAILABILITY = YES_AGGRESSIVE;
				CLANG_WARN_UNREACHABLE_CODE = YES;
				CLANG_WARN__DUPLICATE_METHOD_MATCH = YES;
				CODE_SIGN_IDENTITY = "iPhone Developer";
				COPY_PHASE_STRIP = NO;
				DEBUG_INFORMATION_FORMAT = "dwarf-with-dsym";
				ENABLE_NS_ASSERTIONS = NO;
				ENABLE_STRICT_OBJC_MSGSEND = YES;
				GCC_C_LANGUAGE_STANDARD = gnu11;
				GCC_NO_COMMON_BLOCKS = YES;
				GCC_WARN_64_TO_32_BIT_CONVERSION = YES;
				GCC_WARN_ABOUT_RETURN_TYPE = YES_ERROR;
				GCC_WARN_UNDECLARED_SELECTOR = YES;
				GCC_WARN_UNINITIALIZED_AUTOS = YES_AGGRESSIVE;
				GCC_WARN_UNUSED_FUNCTION = YES;
				GCC_WARN_UNUSED_VARIABLE = YES;
				IPHONEOS_DEPLOYMENT_TARGET = 11.2;
				MTL_ENABLE_DEBUG_INFO = NO;
				SDKROOT = iphoneos;
				SWIFT_OPTIMIZATION_LEVEL = "-Owholemodule";
				VALIDATE_PRODUCT = YES;
			};
			name = Release;
		};
		4FE7CC5B20DC1F0500AA11AC /* Debug */ = {
			isa = XCBuildConfiguration;
			buildSettings = {
				ASSETCATALOG_COMPILER_APPICON_NAME = AppIcon;
				CLANG_ENABLE_MODULES = YES;
				CODE_SIGN_STYLE = Automatic;
				DEVELOPMENT_TEAM = P97X3DJ65F;
				INFOPLIST_FILE = FenceGUI/Info.plist;
				LD_RUNPATH_SEARCH_PATHS = "$(inherited) @executable_path/Frameworks";
				PRODUCT_BUNDLE_IDENTIFIER = com.monocleheads.FenceGUI;
				PRODUCT_NAME = "$(TARGET_NAME)";
				SWIFT_OBJC_BRIDGING_HEADER = "FenceGUI/FenceGUI-Bridging-Header.h";
				SWIFT_OPTIMIZATION_LEVEL = "-Onone";
				SWIFT_VERSION = 4.0;
				TARGETED_DEVICE_FAMILY = "1,2";
			};
			name = Debug;
		};
		4FE7CC5C20DC1F0500AA11AC /* Release */ = {
			isa = XCBuildConfiguration;
			buildSettings = {
				ASSETCATALOG_COMPILER_APPICON_NAME = AppIcon;
				CLANG_ENABLE_MODULES = YES;
				CODE_SIGN_STYLE = Automatic;
				DEVELOPMENT_TEAM = P97X3DJ65F;
				INFOPLIST_FILE = FenceGUI/Info.plist;
				LD_RUNPATH_SEARCH_PATHS = "$(inherited) @executable_path/Frameworks";
				PRODUCT_BUNDLE_IDENTIFIER = com.monocleheads.FenceGUI;
				PRODUCT_NAME = "$(TARGET_NAME)";
				SWIFT_OBJC_BRIDGING_HEADER = "FenceGUI/FenceGUI-Bridging-Header.h";
				SWIFT_VERSION = 4.0;
				TARGETED_DEVICE_FAMILY = "1,2";
			};
			name = Release;
		};
/* End XCBuildConfiguration section */

/* Begin XCConfigurationList section */
		4FE7CC4320DC1F0500AA11AC /* Build configuration list for PBXProject "FenceGUI" */ = {
			isa = XCConfigurationList;
			buildConfigurations = (
				4FE7CC5820DC1F0500AA11AC /* Debug */,
				4FE7CC5920DC1F0500AA11AC /* Release */,
			);
			defaultConfigurationIsVisible = 0;
			defaultConfigurationName = Release;
		};
		4FE7CC5A20DC1F0500AA11AC /* Build configuration list for PBXNativeTarget "FenceGUI" */ = {
			isa = XCConfigurationList;
			buildConfigurations = (
				4FE7CC5B20DC1F0500AA11AC /* Debug */,
				4FE7CC5C20DC1F0500AA11AC /* Release */,
			);
			defaultConfigurationIsVisible = 0;
			defaultConfigurationName = Release;
		};
/* End XCConfigurationList section */
	};
	rootObject = 4FE7CC4020DC1F0500AA11AC /* Project object */;
}
