// !$*UTF8*$!
{
	archiveVersion = 1;
	classes = {
	};
	objectVersion = 48;
	objects = {

/* Begin PBXBuildFile section */
		4FA86062200850BD00BC2DEA /* AppDelegate.swift in Sources */ = {isa = PBXBuildFile; fileRef = 4FA86061200850BD00BC2DEA /* AppDelegate.swift */; };
		4FA86064200850BD00BC2DEA /* MasterViewController.swift in Sources */ = {isa = PBXBuildFile; fileRef = 4FA86063200850BD00BC2DEA /* MasterViewController.swift */; };
		4FA86066200850BD00BC2DEA /* DetailViewController.swift in Sources */ = {isa = PBXBuildFile; fileRef = 4FA86065200850BD00BC2DEA /* DetailViewController.swift */; };
		4FA86069200850BD00BC2DEA /* Main.storyboard in Resources */ = {isa = PBXBuildFile; fileRef = 4FA86067200850BD00BC2DEA /* Main.storyboard */; };
		4FA8606B200850BD00BC2DEA /* Assets.xcassets in Resources */ = {isa = PBXBuildFile; fileRef = 4FA8606A200850BD00BC2DEA /* Assets.xcassets */; };
		4FA8606E200850BD00BC2DEA /* LaunchScreen.storyboard in Resources */ = {isa = PBXBuildFile; fileRef = 4FA8606C200850BD00BC2DEA /* LaunchScreen.storyboard */; };
/* End PBXBuildFile section */

/* Begin PBXFileReference section */
		4FA8605E200850BD00BC2DEA /* FenceGUI.app */ = {isa = PBXFileReference; explicitFileType = wrapper.application; includeInIndex = 0; path = FenceGUI.app; sourceTree = BUILT_PRODUCTS_DIR; };
		4FA86061200850BD00BC2DEA /* AppDelegate.swift */ = {isa = PBXFileReference; lastKnownFileType = sourcecode.swift; path = AppDelegate.swift; sourceTree = "<group>"; };
		4FA86063200850BD00BC2DEA /* MasterViewController.swift */ = {isa = PBXFileReference; lastKnownFileType = sourcecode.swift; path = MasterViewController.swift; sourceTree = "<group>"; };
		4FA86065200850BD00BC2DEA /* DetailViewController.swift */ = {isa = PBXFileReference; lastKnownFileType = sourcecode.swift; path = DetailViewController.swift; sourceTree = "<group>"; };
		4FA86068200850BD00BC2DEA /* Base */ = {isa = PBXFileReference; lastKnownFileType = file.storyboard; name = Base; path = Base.lproj/Main.storyboard; sourceTree = "<group>"; };
		4FA8606A200850BD00BC2DEA /* Assets.xcassets */ = {isa = PBXFileReference; lastKnownFileType = folder.assetcatalog; path = Assets.xcassets; sourceTree = "<group>"; };
		4FA8606D200850BD00BC2DEA /* Base */ = {isa = PBXFileReference; lastKnownFileType = file.storyboard; name = Base; path = Base.lproj/LaunchScreen.storyboard; sourceTree = "<group>"; };
		4FA8606F200850BD00BC2DEA /* Info.plist */ = {isa = PBXFileReference; lastKnownFileType = text.plist.xml; path = Info.plist; sourceTree = "<group>"; };
/* End PBXFileReference section */

/* Begin PBXFrameworksBuildPhase section */
		4FA8605B200850BD00BC2DEA /* Frameworks */ = {
			isa = PBXFrameworksBuildPhase;
			buildActionMask = 2147483647;
			files = (
			);
			runOnlyForDeploymentPostprocessing = 0;
		};
/* End PBXFrameworksBuildPhase section */

/* Begin PBXGroup section */
		4FA86055200850BD00BC2DEA = {
			isa = PBXGroup;
			children = (
				4FA86060200850BD00BC2DEA /* FenceGUI */,
				4FA8605F200850BD00BC2DEA /* Products */,
			);
			sourceTree = "<group>";
		};
		4FA8605F200850BD00BC2DEA /* Products */ = {
			isa = PBXGroup;
			children = (
				4FA8605E200850BD00BC2DEA /* FenceGUI.app */,
			);
			name = Products;
			sourceTree = "<group>";
		};
		4FA86060200850BD00BC2DEA /* FenceGUI */ = {
			isa = PBXGroup;
			children = (
				4FA86061200850BD00BC2DEA /* AppDelegate.swift */,
				4FA86063200850BD00BC2DEA /* MasterViewController.swift */,
				4FA86065200850BD00BC2DEA /* DetailViewController.swift */,
				4FA86067200850BD00BC2DEA /* Main.storyboard */,
				4FA8606A200850BD00BC2DEA /* Assets.xcassets */,
				4FA8606C200850BD00BC2DEA /* LaunchScreen.storyboard */,
				4FA8606F200850BD00BC2DEA /* Info.plist */,
			);
			path = FenceGUI;
			sourceTree = "<group>";
		};
/* End PBXGroup section */

/* Begin PBXNativeTarget section */
		4FA8605D200850BD00BC2DEA /* FenceGUI */ = {
			isa = PBXNativeTarget;
			buildConfigurationList = 4FA86072200850BD00BC2DEA /* Build configuration list for PBXNativeTarget "FenceGUI" */;
			buildPhases = (
				4FA8605A200850BD00BC2DEA /* Sources */,
				4FA8605B200850BD00BC2DEA /* Frameworks */,
				4FA8605C200850BD00BC2DEA /* Resources */,
			);
			buildRules = (
			);
			dependencies = (
			);
			name = FenceGUI;
			productName = FenceGUI;
			productReference = 4FA8605E200850BD00BC2DEA /* FenceGUI.app */;
			productType = "com.apple.product-type.application";
		};
/* End PBXNativeTarget section */

/* Begin PBXProject section */
		4FA86056200850BD00BC2DEA /* Project object */ = {
			isa = PBXProject;
			attributes = {
				LastSwiftUpdateCheck = 0920;
				LastUpgradeCheck = 0920;
				ORGANIZATIONNAME = "Monocle Heads";
				TargetAttributes = {
					4FA8605D200850BD00BC2DEA = {
						CreatedOnToolsVersion = 9.2;
						ProvisioningStyle = Automatic;
					};
				};
			};
			buildConfigurationList = 4FA86059200850BD00BC2DEA /* Build configuration list for PBXProject "FenceGUI" */;
			compatibilityVersion = "Xcode 8.0";
			developmentRegion = en;
			hasScannedForEncodings = 0;
			knownRegions = (
				en,
				Base,
			);
			mainGroup = 4FA86055200850BD00BC2DEA;
			productRefGroup = 4FA8605F200850BD00BC2DEA /* Products */;
			projectDirPath = "";
			projectRoot = "";
			targets = (
				4FA8605D200850BD00BC2DEA /* FenceGUI */,
			);
		};
/* End PBXProject section */

/* Begin PBXResourcesBuildPhase section */
		4FA8605C200850BD00BC2DEA /* Resources */ = {
			isa = PBXResourcesBuildPhase;
			buildActionMask = 2147483647;
			files = (
				4FA8606E200850BD00BC2DEA /* LaunchScreen.storyboard in Resources */,
				4FA8606B200850BD00BC2DEA /* Assets.xcassets in Resources */,
				4FA86069200850BD00BC2DEA /* Main.storyboard in Resources */,
			);
			runOnlyForDeploymentPostprocessing = 0;
		};
/* End PBXResourcesBuildPhase section */

/* Begin PBXSourcesBuildPhase section */
		4FA8605A200850BD00BC2DEA /* Sources */ = {
			isa = PBXSourcesBuildPhase;
			buildActionMask = 2147483647;
			files = (
				4FA86066200850BD00BC2DEA /* DetailViewController.swift in Sources */,
				4FA86064200850BD00BC2DEA /* MasterViewController.swift in Sources */,
				4FA86062200850BD00BC2DEA /* AppDelegate.swift in Sources */,
			);
			runOnlyForDeploymentPostprocessing = 0;
		};
/* End PBXSourcesBuildPhase section */

/* Begin PBXVariantGroup section */
		4FA86067200850BD00BC2DEA /* Main.storyboard */ = {
			isa = PBXVariantGroup;
			children = (
				4FA86068200850BD00BC2DEA /* Base */,
			);
			name = Main.storyboard;
			sourceTree = "<group>";
		};
		4FA8606C200850BD00BC2DEA /* LaunchScreen.storyboard */ = {
			isa = PBXVariantGroup;
			children = (
				4FA8606D200850BD00BC2DEA /* Base */,
			);
			name = LaunchScreen.storyboard;
			sourceTree = "<group>";
		};
/* End PBXVariantGroup section */

/* Begin XCBuildConfiguration section */
		4FA86070200850BD00BC2DEA /* Debug */ = {
			isa = XCBuildConfiguration;
			buildSettings = {
				ALWAYS_SEARCH_USER_PATHS = NO;
				CLANG_ANALYZER_NONNULL = YES;
				CLANG_ANALYZER_NUMBER_OBJECT_CONVERSION = YES_AGGRESSIVE;
				CLANG_CXX_LANGUAGE_STANDARD = "gnu++14";
				CLANG_CXX_LIBRARY = "libc++";
				CLANG_ENABLE_MODULES = YES;
				CLANG_ENABLE_OBJC_ARC = YES;
				CLANG_WARN_BLOCK_CAPTURE_AUTORELEASING = YES;
				CLANG_WARN_BOOL_CONVERSION = YES;
				CLANG_WARN_COMMA = YES;
				CLANG_WARN_CONSTANT_CONVERSION = YES;
				CLANG_WARN_DIRECT_OBJC_ISA_USAGE = YES_ERROR;
				CLANG_WARN_DOCUMENTATION_COMMENTS = YES;
				CLANG_WARN_EMPTY_BODY = YES;
				CLANG_WARN_ENUM_CONVERSION = YES;
				CLANG_WARN_INFINITE_RECURSION = YES;
				CLANG_WARN_INT_CONVERSION = YES;
				CLANG_WARN_NON_LITERAL_NULL_CONVERSION = YES;
				CLANG_WARN_OBJC_LITERAL_CONVERSION = YES;
				CLANG_WARN_OBJC_ROOT_CLASS = YES_ERROR;
				CLANG_WARN_RANGE_LOOP_ANALYSIS = YES;
				CLANG_WARN_STRICT_PROTOTYPES = YES;
				CLANG_WARN_SUSPICIOUS_MOVE = YES;
				CLANG_WARN_UNGUARDED_AVAILABILITY = YES_AGGRESSIVE;
				CLANG_WARN_UNREACHABLE_CODE = YES;
				CLANG_WARN__DUPLICATE_METHOD_MATCH = YES;
				CODE_SIGN_IDENTITY = "iPhone Developer";
				COPY_PHASE_STRIP = NO;
				DEBUG_INFORMATION_FORMAT = dwarf;
				ENABLE_STRICT_OBJC_MSGSEND = YES;
				ENABLE_TESTABILITY = YES;
				GCC_C_LANGUAGE_STANDARD = gnu11;
				GCC_DYNAMIC_NO_PIC = NO;
				GCC_NO_COMMON_BLOCKS = YES;
				GCC_OPTIMIZATION_LEVEL = 0;
				GCC_PREPROCESSOR_DEFINITIONS = (
					"DEBUG=1",
					"$(inherited)",
				);
				GCC_WARN_64_TO_32_BIT_CONVERSION = YES;
				GCC_WARN_ABOUT_RETURN_TYPE = YES_ERROR;
				GCC_WARN_UNDECLARED_SELECTOR = YES;
				GCC_WARN_UNINITIALIZED_AUTOS = YES_AGGRESSIVE;
				GCC_WARN_UNUSED_FUNCTION = YES;
				GCC_WARN_UNUSED_VARIABLE = YES;
				IPHONEOS_DEPLOYMENT_TARGET = 11.2;
				MTL_ENABLE_DEBUG_INFO = YES;
				ONLY_ACTIVE_ARCH = YES;
				SDKROOT = iphoneos;
				SWIFT_ACTIVE_COMPILATION_CONDITIONS = DEBUG;
				SWIFT_OPTIMIZATION_LEVEL = "-Onone";
			};
			name = Debug;
		};
		4FA86071200850BD00BC2DEA /* Release */ = {
			isa = XCBuildConfiguration;
			buildSettings = {
				ALWAYS_SEARCH_USER_PATHS = NO;
				CLANG_ANALYZER_NONNULL = YES;
				CLANG_ANALYZER_NUMBER_OBJECT_CONVERSION = YES_AGGRESSIVE;
				CLANG_CXX_LANGUAGE_STANDARD = "gnu++14";
				CLANG_CXX_LIBRARY = "libc++";
				CLANG_ENABLE_MODULES = YES;
				CLANG_ENABLE_OBJC_ARC = YES;
				CLANG_WARN_BLOCK_CAPTURE_AUTORELEASING = YES;
				CLANG_WARN_BOOL_CONVERSION = YES;
				CLANG_WARN_COMMA = YES;
				CLANG_WARN_CONSTANT_CONVERSION = YES;
				CLANG_WARN_DIRECT_OBJC_ISA_USAGE = YES_ERROR;
				CLANG_WARN_DOCUMENTATION_COMMENTS = YES;
				CLANG_WARN_EMPTY_BODY = YES;
				CLANG_WARN_ENUM_CONVERSION = YES;
				CLANG_WARN_INFINITE_RECURSION = YES;
				CLANG_WARN_INT_CONVERSION = YES;
				CLANG_WARN_NON_LITERAL_NULL_CONVERSION = YES;
				CLANG_WARN_OBJC_LITERAL_CONVERSION = YES;
				CLANG_WARN_OBJC_ROOT_CLASS = YES_ERROR;
				CLANG_WARN_RANGE_LOOP_ANALYSIS = YES;
				CLANG_WARN_STRICT_PROTOTYPES = YES;
				CLANG_WARN_SUSPICIOUS_MOVE = YES;
				CLANG_WARN_UNGUARDED_AVAILABILITY = YES_AGGRESSIVE;
				CLANG_WARN_UNREACHABLE_CODE = YES;
				CLANG_WARN__DUPLICATE_METHOD_MATCH = YES;
				CODE_SIGN_IDENTITY = "iPhone Developer";
				COPY_PHASE_STRIP = NO;
				DEBUG_INFORMATION_FORMAT = "dwarf-with-dsym";
				ENABLE_NS_ASSERTIONS = NO;
				ENABLE_STRICT_OBJC_MSGSEND = YES;
				GCC_C_LANGUAGE_STANDARD = gnu11;
				GCC_NO_COMMON_BLOCKS = YES;
				GCC_WARN_64_TO_32_BIT_CONVERSION = YES;
				GCC_WARN_ABOUT_RETURN_TYPE = YES_ERROR;
				GCC_WARN_UNDECLARED_SELECTOR = YES;
				GCC_WARN_UNINITIALIZED_AUTOS = YES_AGGRESSIVE;
				GCC_WARN_UNUSED_FUNCTION = YES;
				GCC_WARN_UNUSED_VARIABLE = YES;
				IPHONEOS_DEPLOYMENT_TARGET = 11.2;
				MTL_ENABLE_DEBUG_INFO = NO;
				SDKROOT = iphoneos;
				SWIFT_OPTIMIZATION_LEVEL = "-Owholemodule";
				VALIDATE_PRODUCT = YES;
			};
			name = Release;
		};
		4FA86073200850BD00BC2DEA /* Debug */ = {
			isa = XCBuildConfiguration;
			buildSettings = {
				ASSETCATALOG_COMPILER_APPICON_NAME = AppIcon;
				CODE_SIGN_STYLE = Automatic;
				DEVELOPMENT_TEAM = P97X3DJ65F;
				INFOPLIST_FILE = FenceGUI/Info.plist;
				LD_RUNPATH_SEARCH_PATHS = "$(inherited) @executable_path/Frameworks";
				PRODUCT_BUNDLE_IDENTIFIER = com.monocleheads.FenceGUI;
				PRODUCT_NAME = "$(TARGET_NAME)";
				SWIFT_VERSION = 4.0;
				TARGETED_DEVICE_FAMILY = "1,2";
			};
			name = Debug;
		};
		4FA86074200850BD00BC2DEA /* Release */ = {
			isa = XCBuildConfiguration;
			buildSettings = {
				ASSETCATALOG_COMPILER_APPICON_NAME = AppIcon;
				CODE_SIGN_STYLE = Automatic;
				DEVELOPMENT_TEAM = P97X3DJ65F;
				INFOPLIST_FILE = FenceGUI/Info.plist;
				LD_RUNPATH_SEARCH_PATHS = "$(inherited) @executable_path/Frameworks";
				PRODUCT_BUNDLE_IDENTIFIER = com.monocleheads.FenceGUI;
				PRODUCT_NAME = "$(TARGET_NAME)";
				SWIFT_VERSION = 4.0;
				TARGETED_DEVICE_FAMILY = "1,2";
			};
			name = Release;
		};
/* End XCBuildConfiguration section */

/* Begin XCConfigurationList section */
		4FA86059200850BD00BC2DEA /* Build configuration list for PBXProject "FenceGUI" */ = {
			isa = XCConfigurationList;
			buildConfigurations = (
				4FA86070200850BD00BC2DEA /* Debug */,
				4FA86071200850BD00BC2DEA /* Release */,
			);
			defaultConfigurationIsVisible = 0;
			defaultConfigurationName = Release;
		};
		4FA86072200850BD00BC2DEA /* Build configuration list for PBXNativeTarget "FenceGUI" */ = {
			isa = XCConfigurationList;
			buildConfigurations = (
				4FA86073200850BD00BC2DEA /* Debug */,
				4FA86074200850BD00BC2DEA /* Release */,
			);
			defaultConfigurationIsVisible = 0;
			defaultConfigurationName = Release;
		};
/* End XCConfigurationList section */
	};
	rootObject = 4FA86056200850BD00BC2DEA /* Project object */;
}
